<?xml version="1.0" encoding="utf-8"?>
<Project ToolsVersion="4.0" xmlns="http://schemas.microsoft.com/developer/msbuild/2003">
  <ItemGroup>
    <ClCompile Include="camera.cpp" />
    <ClCompile Include="Gamepad.cpp" />
    <ClCompile Include="InputManager.cpp" />
    <ClCompile Include="Renderer.cpp" />
    <ClCompile Include="material.cpp">
      <Filter>Materials</Filter>
    </ClCompile>
    <ClCompile Include="specular.cpp">
      <Filter>Materials</Filter>
    </ClCompile>
    <ClCompile Include="diffuse.cpp">
      <Filter>Materials</Filter>
    </ClCompile>
    <ClCompile Include="torranceSparrow.cpp">
      <Filter>Materials</Filter>
    </ClCompile>
    <ClCompile Include="Physics.cpp" />
    <ClCompile Include="MeshInfo.cpp" />
    <ClCompile Include="MeshInfoLoader.cpp" />
    <ClCompile Include="MeshObject.cpp" />
    <ClCompile Include="GameState.cpp" />
    <ClCompile Include="Entity.cpp">
      <Filter>Entities</Filter>
    </ClCompile>
    <ClCompile Include="PlayerInfo.cpp">
      <Filter>Entities</Filter>
    </ClCompile>
    <ClCompile Include="Timer.cpp" />
    <ClCompile Include="LevelInfo.cpp" />
    <ClCompile Include="GameManager.cpp" />
    <ClCompile Include="VehicleSceneQueryData.cpp" />
    <ClCompile Include="SnippetVehicleFilterShader.cpp" />
    <ClCompile Include="VehicleTraits.cpp" />
    <ClCompile Include="AIManager.cpp" />
    <ClCompile Include="Main.cpp" />
    <ClCompile Include="NavMesh.cpp" />
    <ClCompile Include="SoundManager.cpp" />
    <ClCompile Include="Coin.cpp">
      <Filter>Entities</Filter>
    </ClCompile>
    <ClCompile Include="Powerup.cpp">
      <Filter>Entities</Filter>
    </ClCompile>
    <ClCompile Include="InputSmoother.cpp" />
    <ClCompile Include="Events.cpp">
      <Filter>Events</Filter>
    </ClCompile>
    <ClCompile Include="CollisionEvent.cpp">
      <Filter>Events</Filter>
    </ClCompile>
    <ClCompile Include="InterfaceManager.cpp" />
    <ClCompile Include="VehicleCollisionEvent.cpp">
      <Filter>Events</Filter>
    </ClCompile>
    <ClCompile Include="VehicleWallCollisionEvent.cpp">
      <Filter>Events</Filter>
    </ClCompile>
    <ClCompile Include="GoldenBuggySwitchEvent.cpp">
      <Filter>Events</Filter>
    </ClCompile>
    <ClCompile Include="BoostPad.cpp">
      <Filter>Entities</Filter>
    </ClCompile>
    <ClCompile Include="Mine.cpp">
      <Filter>Entities</Filter>
    </ClCompile>
    <ClCompile Include="unshaded.cpp">
      <Filter>Materials</Filter>
    </ClCompile>
    <ClCompile Include="LevelInfoLoader.cpp" />
    <ClCompile Include="Vehicle.cpp" />
    <ClCompile Include="BombCreationEvent.cpp">
      <Filter>Events</Filter>
    </ClCompile>
    <ClCompile Include="VehicleBombCollisionEvent.cpp">
      <Filter>Events</Filter>
    </ClCompile>
    <ClCompile Include="Bomb.cpp">
      <Filter>Entities</Filter>
    </ClCompile>
    <ClCompile Include="PowerupCollisionEvent.cpp">
      <Filter>Events</Filter>
    </ClCompile>
    <ClCompile Include="PowerupBox.cpp">
      <Filter>Entities</Filter>
    </ClCompile>
  </ItemGroup>
  <ItemGroup>
    <ClInclude Include="AIManager.h" />
    <ClInclude Include="Camera.h" />
    <ClInclude Include="DrivingController.h" />
    <ClInclude Include="GameManager.h" />
    <ClInclude Include="Gamepad.h" />
    <ClInclude Include="GameState.h" />
    <ClInclude Include="GameStateLoader.h" />
    <ClInclude Include="Input.h" />
    <ClInclude Include="InputManager.h" />
    <ClInclude Include="InterfaceManager.h" />
    <ClInclude Include="LevelInfo.h" />
    <ClInclude Include="LevelInfoLoader.h" />
    <ClInclude Include="MeshInfo.h" />
    <ClInclude Include="MeshInfoLoader.h" />
    <ClInclude Include="MeshObject.h" />
    <ClInclude Include="Physics.h" />
    <ClInclude Include="Renderer.h" />
    <ClInclude Include="SoundManager.h" />
    <ClInclude Include="Timer.h" />
    <ClInclude Include="VehicleTraits.h" />
    <ClInclude Include="material.h">
      <Filter>Materials</Filter>
    </ClInclude>
    <ClInclude Include="specular.h">
      <Filter>Materials</Filter>
    </ClInclude>
    <ClInclude Include="diffuse.h">
      <Filter>Materials</Filter>
    </ClInclude>
    <ClInclude Include="torranceSparrow.h">
      <Filter>Materials</Filter>
    </ClInclude>
    <ClInclude Include="Entity.h">
      <Filter>Entities</Filter>
    </ClInclude>
    <ClInclude Include="PlayerInfo.h">
      <Filter>Entities</Filter>
    </ClInclude>
    <ClInclude Include="Powerup.h">
      <Filter>Entities</Filter>
    </ClInclude>
    <ClInclude Include="PowerupBox.h">
      <Filter>Entities</Filter>
    </ClInclude>
    <ClInclude Include="Coin.h">
      <Filter>Entities</Filter>
    </ClInclude>
    <ClInclude Include="SnippetVehicleTireFriction.h" />
    <ClInclude Include="VehicleSceneQueryData.h" />
    <ClInclude Include="SnippetVehicleFilterShader.h" />
    <ClInclude Include="Keybindings.h" />
    <ClInclude Include="NavMesh.h" />
    <ClInclude Include="InputSmoother.h" />
    <ClInclude Include="Events.h">
      <Filter>Events</Filter>
    </ClInclude>
    <ClInclude Include="CollisionEvent.h">
      <Filter>Events</Filter>
    </ClInclude>
    <ClInclude Include="VehicleCollisionEvent.h">
      <Filter>Events</Filter>
    </ClInclude>
    <ClInclude Include="VehicleWallCollisionEvent.h">
      <Filter>Events</Filter>
    </ClInclude>
    <ClInclude Include="GoldenBuggySwitchEvent.h">
      <Filter>Events</Filter>
    </ClInclude>
    <ClInclude Include="BoostPad.h">
      <Filter>Entities</Filter>
    </ClInclude>
    <ClInclude Include="Mine.h">
      <Filter>Entities</Filter>
    </ClInclude>
    <ClInclude Include="unshaded.h">
      <Filter>Materials</Filter>
    </ClInclude>
    <ClInclude Include="Vehicle.h" />
    <ClInclude Include="BombCreationEvent.h">
      <Filter>Events</Filter>
    </ClInclude>
    <ClInclude Include="VehicleBombCollisionEvent.h">
      <Filter>Events</Filter>
    </ClInclude>
    <ClInclude Include="Bomb.h">
      <Filter>Entities</Filter>
    </ClInclude>
    <ClInclude Include="TimedEvent.h">
      <Filter>Events</Filter>
    </ClInclude>
    <ClInclude Include="Definitions.h" />
    <ClInclude Include="PowerupCollisionEvent.h">
      <Filter>Events</Filter>
    </ClInclude>
  </ItemGroup>
  <ItemGroup>
    <Filter Include="Materials">
      <UniqueIdentifier>{e519f910-bb3c-4be1-a2cc-e0c9f105d2dc}</UniqueIdentifier>
    </Filter>
    <Filter Include="Entities">
      <UniqueIdentifier>{680fcdc6-9465-4923-9220-90fe15c23bb1}</UniqueIdentifier>
    </Filter>
    <Filter Include="Events">
      <UniqueIdentifier>{33045440-8875-4c35-8b8c-3be8c525f36b}</UniqueIdentifier>
    </Filter>
  </ItemGroup>
</Project>