<?xml version="1.0" encoding="utf-8"?>
<Project ToolsVersion="4.0" xmlns="http://schemas.microsoft.com/developer/msbuild/2003">
  <ItemGroup>
    <ClCompile Include="camera.cpp" />
    <ClCompile Include="Entity.cpp" />
    <ClCompile Include="Gamepad.cpp" />
    <ClCompile Include="Main.cpp" />
    <ClCompile Include="Renderer.cpp" />
    <ClCompile Include="material.cpp" />
  </ItemGroup>
  <ItemGroup>
    <ClInclude Include="AIManager.h" />
    <ClInclude Include="Camera.h" />
    <ClInclude Include="Coin.h" />
    <ClInclude Include="DrivingController.h" />
    <ClInclude Include="Entity.h" />
    <ClInclude Include="GameManager.h" />
    <ClInclude Include="Gamepad.h" />
    <ClInclude Include="GameState.h" />
    <ClInclude Include="GameStateLoader.h" />
    <ClInclude Include="InputManager.h" />
    <ClInclude Include="InterfaceManager.h" />
    <ClInclude Include="LevelInfo.h" />
    <ClInclude Include="LevelInfoLoader.h" />
    <ClInclude Include="material.h" />
    <ClInclude Include="MeshInfo.h" />
    <ClInclude Include="MeshInfoLoader.h" />
    <ClInclude Include="MeshObject.h" />
    <ClInclude Include="Physics.h" />
    <ClInclude Include="PlayerInfo.h" />
    <ClInclude Include="Powerup.h" />
    <ClInclude Include="PowerupBox.h" />
    <ClInclude Include="Renderer.h" />
    <ClInclude Include="SoundManager.h" />
    <ClInclude Include="Timer.h" />
    <ClInclude Include="VehicleTraits.h" />
  </ItemGroup>
</Project>